// !$*UTF8*$!
{
	archiveVersion = 1;
	classes = {
	};
	objectVersion = 46;
	objects = {

/* Begin PBXBuildFile section */
		47A615561A61DB5A0015D085 /* AppDelegate.swift in Sources */ = {isa = PBXBuildFile; fileRef = 47A615551A61DB5A0015D085 /* AppDelegate.swift */; };
		47A6155B1A61DB5A0015D085 /* Main.storyboard in Resources */ = {isa = PBXBuildFile; fileRef = 47A615591A61DB5A0015D085 /* Main.storyboard */; };
		47A6155D1A61DB5A0015D085 /* Images.xcassets in Resources */ = {isa = PBXBuildFile; fileRef = 47A6155C1A61DB5A0015D085 /* Images.xcassets */; };
		47A615601A61DB5A0015D085 /* LaunchScreen.xib in Resources */ = {isa = PBXBuildFile; fileRef = 47A6155E1A61DB5A0015D085 /* LaunchScreen.xib */; };
		47A6156C1A61DB5A0015D085 /* SwipableCellTests.swift in Sources */ = {isa = PBXBuildFile; fileRef = 47A6156B1A61DB5A0015D085 /* SwipableCellTests.swift */; };
		47A615771A61DBCD0015D085 /* SwipableCell.swift in Sources */ = {isa = PBXBuildFile; fileRef = 47A615761A61DBCD0015D085 /* SwipableCell.swift */; };
		47A615791A61DBF90015D085 /* DemoCell.swift in Sources */ = {isa = PBXBuildFile; fileRef = 47A615781A61DBF90015D085 /* DemoCell.swift */; };
		47A6157B1A61DC480015D085 /* DemoTableViewController.swift in Sources */ = {isa = PBXBuildFile; fileRef = 47A6157A1A61DC480015D085 /* DemoTableViewController.swift */; };
/* End PBXBuildFile section */

/* Begin PBXContainerItemProxy section */
		47A615661A61DB5A0015D085 /* PBXContainerItemProxy */ = {
			isa = PBXContainerItemProxy;
			containerPortal = 47A615481A61DB5A0015D085 /* Project object */;
			proxyType = 1;
			remoteGlobalIDString = 47A6154F1A61DB5A0015D085;
			remoteInfo = SwipableCell;
		};
/* End PBXContainerItemProxy section */

/* Begin PBXFileReference section */
		47A615501A61DB5A0015D085 /* SwipableCell.app */ = {isa = PBXFileReference; explicitFileType = wrapper.application; includeInIndex = 0; path = SwipableCell.app; sourceTree = BUILT_PRODUCTS_DIR; };
		47A615541A61DB5A0015D085 /* Info.plist */ = {isa = PBXFileReference; lastKnownFileType = text.plist.xml; path = Info.plist; sourceTree = "<group>"; };
		47A615551A61DB5A0015D085 /* AppDelegate.swift */ = {isa = PBXFileReference; lastKnownFileType = sourcecode.swift; path = AppDelegate.swift; sourceTree = "<group>"; };
		47A6155A1A61DB5A0015D085 /* Base */ = {isa = PBXFileReference; lastKnownFileType = file.storyboard; name = Base; path = Base.lproj/Main.storyboard; sourceTree = "<group>"; };
		47A6155C1A61DB5A0015D085 /* Images.xcassets */ = {isa = PBXFileReference; lastKnownFileType = folder.assetcatalog; path = Images.xcassets; sourceTree = "<group>"; };
		47A6155F1A61DB5A0015D085 /* Base */ = {isa = PBXFileReference; lastKnownFileType = file.xib; name = Base; path = Base.lproj/LaunchScreen.xib; sourceTree = "<group>"; };
		47A615651A61DB5A0015D085 /* SwipableCellTests.xctest */ = {isa = PBXFileReference; explicitFileType = wrapper.cfbundle; includeInIndex = 0; path = SwipableCellTests.xctest; sourceTree = BUILT_PRODUCTS_DIR; };
		47A6156A1A61DB5A0015D085 /* Info.plist */ = {isa = PBXFileReference; lastKnownFileType = text.plist.xml; path = Info.plist; sourceTree = "<group>"; };
		47A6156B1A61DB5A0015D085 /* SwipableCellTests.swift */ = {isa = PBXFileReference; lastKnownFileType = sourcecode.swift; path = SwipableCellTests.swift; sourceTree = "<group>"; };
		47A615761A61DBCD0015D085 /* SwipableCell.swift */ = {isa = PBXFileReference; fileEncoding = 4; lastKnownFileType = sourcecode.swift; path = SwipableCell.swift; sourceTree = "<group>"; };
		47A615781A61DBF90015D085 /* DemoCell.swift */ = {isa = PBXFileReference; fileEncoding = 4; lastKnownFileType = sourcecode.swift; path = DemoCell.swift; sourceTree = "<group>"; };
		47A6157A1A61DC480015D085 /* DemoTableViewController.swift */ = {isa = PBXFileReference; fileEncoding = 4; lastKnownFileType = sourcecode.swift; path = DemoTableViewController.swift; sourceTree = "<group>"; };
/* End PBXFileReference section */

/* Begin PBXFrameworksBuildPhase section */
		47A6154D1A61DB5A0015D085 /* Frameworks */ = {
			isa = PBXFrameworksBuildPhase;
			buildActionMask = 2147483647;
			files = (
			);
			runOnlyForDeploymentPostprocessing = 0;
		};
		47A615621A61DB5A0015D085 /* Frameworks */ = {
			isa = PBXFrameworksBuildPhase;
			buildActionMask = 2147483647;
			files = (
			);
			runOnlyForDeploymentPostprocessing = 0;
		};
/* End PBXFrameworksBuildPhase section */

/* Begin PBXGroup section */
		47A615471A61DB5A0015D085 = {
			isa = PBXGroup;
			children = (
				47A615521A61DB5A0015D085 /* SwipableCell */,
				47A615681A61DB5A0015D085 /* SwipableCellTests */,
				47A615511A61DB5A0015D085 /* Products */,
			);
			sourceTree = "<group>";
		};
		47A615511A61DB5A0015D085 /* Products */ = {
			isa = PBXGroup;
			children = (
				47A615501A61DB5A0015D085 /* SwipableCell.app */,
				47A615651A61DB5A0015D085 /* SwipableCellTests.xctest */,
			);
			name = Products;
			sourceTree = "<group>";
		};
		47A615521A61DB5A0015D085 /* SwipableCell */ = {
			isa = PBXGroup;
			children = (
				47A615551A61DB5A0015D085 /* AppDelegate.swift */,
				47A6157A1A61DC480015D085 /* DemoTableViewController.swift */,
				47A615751A61DBA90015D085 /* Custom Cells */,
				47A615591A61DB5A0015D085 /* Main.storyboard */,
				47A6155C1A61DB5A0015D085 /* Images.xcassets */,
				47A6155E1A61DB5A0015D085 /* LaunchScreen.xib */,
				47A615531A61DB5A0015D085 /* Supporting Files */,
			);
			path = SwipableCell;
			sourceTree = "<group>";
		};
		47A615531A61DB5A0015D085 /* Supporting Files */ = {
			isa = PBXGroup;
			children = (
				47A615541A61DB5A0015D085 /* Info.plist */,
			);
			name = "Supporting Files";
			sourceTree = "<group>";
		};
		47A615681A61DB5A0015D085 /* SwipableCellTests */ = {
			isa = PBXGroup;
			children = (
				47A6156B1A61DB5A0015D085 /* SwipableCellTests.swift */,
				47A615691A61DB5A0015D085 /* Supporting Files */,
			);
			path = SwipableCellTests;
			sourceTree = "<group>";
		};
		47A615691A61DB5A0015D085 /* Supporting Files */ = {
			isa = PBXGroup;
			children = (
				47A6156A1A61DB5A0015D085 /* Info.plist */,
			);
			name = "Supporting Files";
			sourceTree = "<group>";
		};
		47A615751A61DBA90015D085 /* Custom Cells */ = {
			isa = PBXGroup;
			children = (
				47A615781A61DBF90015D085 /* DemoCell.swift */,
				47A615761A61DBCD0015D085 /* SwipableCell.swift */,
			);
			name = "Custom Cells";
			sourceTree = "<group>";
		};
/* End PBXGroup section */

/* Begin PBXNativeTarget section */
		47A6154F1A61DB5A0015D085 /* SwipableCell */ = {
			isa = PBXNativeTarget;
			buildConfigurationList = 47A6156F1A61DB5A0015D085 /* Build configuration list for PBXNativeTarget "SwipableCell" */;
			buildPhases = (
				47A6154C1A61DB5A0015D085 /* Sources */,
				47A6154D1A61DB5A0015D085 /* Frameworks */,
				47A6154E1A61DB5A0015D085 /* Resources */,
			);
			buildRules = (
			);
			dependencies = (
			);
			name = SwipableCell;
			productName = SwipableCell;
			productReference = 47A615501A61DB5A0015D085 /* SwipableCell.app */;
			productType = "com.apple.product-type.application";
		};
		47A615641A61DB5A0015D085 /* SwipableCellTests */ = {
			isa = PBXNativeTarget;
			buildConfigurationList = 47A615721A61DB5A0015D085 /* Build configuration list for PBXNativeTarget "SwipableCellTests" */;
			buildPhases = (
				47A615611A61DB5A0015D085 /* Sources */,
				47A615621A61DB5A0015D085 /* Frameworks */,
				47A615631A61DB5A0015D085 /* Resources */,
			);
			buildRules = (
			);
			dependencies = (
				47A615671A61DB5A0015D085 /* PBXTargetDependency */,
			);
			name = SwipableCellTests;
			productName = SwipableCellTests;
			productReference = 47A615651A61DB5A0015D085 /* SwipableCellTests.xctest */;
			productType = "com.apple.product-type.bundle.unit-test";
		};
/* End PBXNativeTarget section */

/* Begin PBXProject section */
		47A615481A61DB5A0015D085 /* Project object */ = {
			isa = PBXProject;
			attributes = {
				LastUpgradeCheck = 0610;
				ORGANIZATIONNAME = "Max Kravchenko";
				TargetAttributes = {
					47A6154F1A61DB5A0015D085 = {
						CreatedOnToolsVersion = 6.1.1;
					};
					47A615641A61DB5A0015D085 = {
						CreatedOnToolsVersion = 6.1.1;
						TestTargetID = 47A6154F1A61DB5A0015D085;
					};
				};
			};
			buildConfigurationList = 47A6154B1A61DB5A0015D085 /* Build configuration list for PBXProject "SwipableCell" */;
			compatibilityVersion = "Xcode 3.2";
			developmentRegion = English;
			hasScannedForEncodings = 0;
			knownRegions = (
				en,
				Base,
			);
			mainGroup = 47A615471A61DB5A0015D085;
			productRefGroup = 47A615511A61DB5A0015D085 /* Products */;
			projectDirPath = "";
			projectRoot = "";
			targets = (
				47A6154F1A61DB5A0015D085 /* SwipableCell */,
				47A615641A61DB5A0015D085 /* SwipableCellTests */,
			);
		};
/* End PBXProject section */

/* Begin PBXResourcesBuildPhase section */
		47A6154E1A61DB5A0015D085 /* Resources */ = {
			isa = PBXResourcesBuildPhase;
			buildActionMask = 2147483647;
			files = (
				47A6155B1A61DB5A0015D085 /* Main.storyboard in Resources */,
				47A615601A61DB5A0015D085 /* LaunchScreen.xib in Resources */,
				47A6155D1A61DB5A0015D085 /* Images.xcassets in Resources */,
			);
			runOnlyForDeploymentPostprocessing = 0;
		};
		47A615631A61DB5A0015D085 /* Resources */ = {
			isa = PBXResourcesBuildPhase;
			buildActionMask = 2147483647;
			files = (
			);
			runOnlyForDeploymentPostprocessing = 0;
		};
/* End PBXResourcesBuildPhase section */

/* Begin PBXSourcesBuildPhase section */
		47A6154C1A61DB5A0015D085 /* Sources */ = {
			isa = PBXSourcesBuildPhase;
			buildActionMask = 2147483647;
			files = (
				47A6157B1A61DC480015D085 /* DemoTableViewController.swift in Sources */,
				47A615771A61DBCD0015D085 /* SwipableCell.swift in Sources */,
				47A615791A61DBF90015D085 /* DemoCell.swift in Sources */,
				47A615561A61DB5A0015D085 /* AppDelegate.swift in Sources */,
			);
			runOnlyForDeploymentPostprocessing = 0;
		};
		47A615611A61DB5A0015D085 /* Sources */ = {
			isa = PBXSourcesBuildPhase;
			buildActionMask = 2147483647;
			files = (
				47A6156C1A61DB5A0015D085 /* SwipableCellTests.swift in Sources */,
			);
			runOnlyForDeploymentPostprocessing = 0;
		};
/* End PBXSourcesBuildPhase section */

/* Begin PBXTargetDependency section */
		47A615671A61DB5A0015D085 /* PBXTargetDependency */ = {
			isa = PBXTargetDependency;
			target = 47A6154F1A61DB5A0015D085 /* SwipableCell */;
			targetProxy = 47A615661A61DB5A0015D085 /* PBXContainerItemProxy */;
		};
/* End PBXTargetDependency section */

/* Begin PBXVariantGroup section */
		47A615591A61DB5A0015D085 /* Main.storyboard */ = {
			isa = PBXVariantGroup;
			children = (
				47A6155A1A61DB5A0015D085 /* Base */,
			);
			name = Main.storyboard;
			sourceTree = "<group>";
		};
		47A6155E1A61DB5A0015D085 /* LaunchScreen.xib */ = {
			isa = PBXVariantGroup;
			children = (
				47A6155F1A61DB5A0015D085 /* Base */,
			);
			name = LaunchScreen.xib;
			sourceTree = "<group>";
		};
/* End PBXVariantGroup section */

/* Begin XCBuildConfiguration section */
		47A6156D1A61DB5A0015D085 /* Debug */ = {
			isa = XCBuildConfiguration;
			buildSettings = {
				ALWAYS_SEARCH_USER_PATHS = NO;
				CLANG_CXX_LANGUAGE_STANDARD = "gnu++0x";
				CLANG_CXX_LIBRARY = "libc++";
				CLANG_ENABLE_MODULES = YES;
				CLANG_ENABLE_OBJC_ARC = YES;
				CLANG_WARN_BOOL_CONVERSION = YES;
				CLANG_WARN_CONSTANT_CONVERSION = YES;
				CLANG_WARN_DIRECT_OBJC_ISA_USAGE = YES_ERROR;
				CLANG_WARN_EMPTY_BODY = YES;
				CLANG_WARN_ENUM_CONVERSION = YES;
				CLANG_WARN_INT_CONVERSION = YES;
				CLANG_WARN_OBJC_ROOT_CLASS = YES_ERROR;
				CLANG_WARN_UNREACHABLE_CODE = YES;
				CLANG_WARN__DUPLICATE_METHOD_MATCH = YES;
				"CODE_SIGN_IDENTITY[sdk=iphoneos*]" = "iPhone Developer";
				COPY_PHASE_STRIP = NO;
				ENABLE_STRICT_OBJC_MSGSEND = YES;
				GCC_C_LANGUAGE_STANDARD = gnu99;
				GCC_DYNAMIC_NO_PIC = NO;
				GCC_OPTIMIZATION_LEVEL = 0;
				GCC_PREPROCESSOR_DEFINITIONS = (
					"DEBUG=1",
					"$(inherited)",
				);
				GCC_SYMBOLS_PRIVATE_EXTERN = NO;
				GCC_WARN_64_TO_32_BIT_CONVERSION = YES;
				GCC_WARN_ABOUT_RETURN_TYPE = YES_ERROR;
				GCC_WARN_UNDECLARED_SELECTOR = YES;
				GCC_WARN_UNINITIALIZED_AUTOS = YES_AGGRESSIVE;
				GCC_WARN_UNUSED_FUNCTION = YES;
				GCC_WARN_UNUSED_VARIABLE = YES;
				IPHONEOS_DEPLOYMENT_TARGET = 8.1;
				MTL_ENABLE_DEBUG_INFO = YES;
				ONLY_ACTIVE_ARCH = YES;
				SDKROOT = iphoneos;
				SWIFT_OPTIMIZATION_LEVEL = "-Onone";
			};
			name = Debug;
		};
		47A6156E1A61DB5A0015D085 /* Release */ = {
			isa = XCBuildConfiguration;
			buildSettings = {
				ALWAYS_SEARCH_USER_PATHS = NO;
				CLANG_CXX_LANGUAGE_STANDARD = "gnu++0x";
				CLANG_CXX_LIBRARY = "libc++";
				CLANG_ENABLE_MODULES = YES;
				CLANG_ENABLE_OBJC_ARC = YES;
				CLANG_WARN_BOOL_CONVERSION = YES;
				CLANG_WARN_CONSTANT_CONVERSION = YES;
				CLANG_WARN_DIRECT_OBJC_ISA_USAGE = YES_ERROR;
				CLANG_WARN_EMPTY_BODY = YES;
				CLANG_WARN_ENUM_CONVERSION = YES;
				CLANG_WARN_INT_CONVERSION = YES;
				CLANG_WARN_OBJC_ROOT_CLASS = YES_ERROR;
				CLANG_WARN_UNREACHABLE_CODE = YES;
				CLANG_WARN__DUPLICATE_METHOD_MATCH = YES;
				"CODE_SIGN_IDENTITY[sdk=iphoneos*]" = "iPhone Developer";
				COPY_PHASE_STRIP = YES;
				ENABLE_NS_ASSERTIONS = NO;
				ENABLE_STRICT_OBJC_MSGSEND = YES;
				GCC_C_LANGUAGE_STANDARD = gnu99;
				GCC_WARN_64_TO_32_BIT_CONVERSION = YES;
				GCC_WARN_ABOUT_RETURN_TYPE = YES_ERROR;
				GCC_WARN_UNDECLARED_SELECTOR = YES;
				GCC_WARN_UNINITIALIZED_AUTOS = YES_AGGRESSIVE;
				GCC_WARN_UNUSED_FUNCTION = YES;
				GCC_WARN_UNUSED_VARIABLE = YES;
				IPHONEOS_DEPLOYMENT_TARGET = 8.1;
				MTL_ENABLE_DEBUG_INFO = NO;
				SDKROOT = iphoneos;
				VALIDATE_PRODUCT = YES;
			};
			name = Release;
		};
		47A615701A61DB5A0015D085 /* Debug */ = {
			isa = XCBuildConfiguration;
			buildSettings = {
				ASSETCATALOG_COMPILER_APPICON_NAME = AppIcon;
				INFOPLIST_FILE = SwipableCell/Info.plist;
				LD_RUNPATH_SEARCH_PATHS = "$(inherited) @executable_path/Frameworks";
				PRODUCT_NAME = "$(TARGET_NAME)";
			};
			name = Debug;
		};
		47A615711A61DB5A0015D085 /* Release */ = {
			isa = XCBuildConfiguration;
			buildSettings = {
				ASSETCATALOG_COMPILER_APPICON_NAME = AppIcon;
				INFOPLIST_FILE = SwipableCell/Info.plist;
				LD_RUNPATH_SEARCH_PATHS = "$(inherited) @executable_path/Frameworks";
				PRODUCT_NAME = "$(TARGET_NAME)";
			};
			name = Release;
		};
		47A615731A61DB5A0015D085 /* Debug */ = {
			isa = XCBuildConfiguration;
			buildSettings = {
				BUNDLE_LOADER = "$(TEST_HOST)";
				FRAMEWORK_SEARCH_PATHS = (
					"$(SDKROOT)/Developer/Library/Frameworks",
					"$(inherited)",
				);
				GCC_PREPROCESSOR_DEFINITIONS = (
					"DEBUG=1",
					"$(inherited)",
				);
				INFOPLIST_FILE = SwipableCellTests/Info.plist;
				LD_RUNPATH_SEARCH_PATHS = "$(inherited) @executable_path/Frameworks @loader_path/Frameworks";
				PRODUCT_NAME = "$(TARGET_NAME)";
				TEST_HOST = "$(BUILT_PRODUCTS_DIR)/SwipableCell.app/SwipableCell";
			};
			name = Debug;
		};
		47A615741A61DB5A0015D085 /* Release */ = {
			isa = XCBuildConfiguration;
			buildSettings = {
				BUNDLE_LOADER = "$(TEST_HOST)";
				FRAMEWORK_SEARCH_PATHS = (
					"$(SDKROOT)/Developer/Library/Frameworks",
					"$(inherited)",
				);
				INFOPLIST_FILE = SwipableCellTests/Info.plist;
				LD_RUNPATH_SEARCH_PATHS = "$(inherited) @executable_path/Frameworks @loader_path/Frameworks";
				PRODUCT_NAME = "$(TARGET_NAME)";
				TEST_HOST = "$(BUILT_PRODUCTS_DIR)/SwipableCell.app/SwipableCell";
			};
			name = Release;
		};
/* End XCBuildConfiguration section */

/* Begin XCConfigurationList section */
		47A6154B1A61DB5A0015D085 /* Build configuration list for PBXProject "SwipableCell" */ = {
			isa = XCConfigurationList;
			buildConfigurations = (
				47A6156D1A61DB5A0015D085 /* Debug */,
				47A6156E1A61DB5A0015D085 /* Release */,
			);
			defaultConfigurationIsVisible = 0;
			defaultConfigurationName = Release;
		};
		47A6156F1A61DB5A0015D085 /* Build configuration list for PBXNativeTarget "SwipableCell" */ = {
			isa = XCConfigurationList;
			buildConfigurations = (
				47A615701A61DB5A0015D085 /* Debug */,
				47A615711A61DB5A0015D085 /* Release */,
			);
			defaultConfigurationIsVisible = 0;
		};
		47A615721A61DB5A0015D085 /* Build configuration list for PBXNativeTarget "SwipableCellTests" */ = {
			isa = XCConfigurationList;
			buildConfigurations = (
				47A615731A61DB5A0015D085 /* Debug */,
				47A615741A61DB5A0015D085 /* Release */,
			);
			defaultConfigurationIsVisible = 0;
		};
/* End XCConfigurationList section */
	};
	rootObject = 47A615481A61DB5A0015D085 /* Project object */;
}
